
Microsoft Visual Studio Solution File, Format Version 12.00
# Visual Studio Version 16
VisualStudioVersion = 16.0.33214.272
MinimumVisualStudioVersion = 10.0.40219.1
Project("{FAE04EC0-301F-11D3-BF4B-00C04F79EFBC}") = "Mission9_pthoma24", "Mission9_pthoma24.csproj", "{65B90A13-DA89-4831-AAAB-A94E08A35AD4}"
EndProject
Global
	GlobalSection(SolutionConfigurationPlatforms) = preSolution
		Debug|Any CPU = Debug|Any CPU
		Release|Any CPU = Release|Any CPU
	EndGlobalSection
	GlobalSection(ProjectConfigurationPlatforms) = postSolution
		{65B90A13-DA89-4831-AAAB-A94E08A35AD4}.Debug|Any CPU.ActiveCfg = Debug|Any CPU
		{65B90A13-DA89-4831-AAAB-A94E08A35AD4}.Debug|Any CPU.Build.0 = Debug|Any CPU
		{65B90A13-DA89-4831-AAAB-A94E08A35AD4}.Release|Any CPU.ActiveCfg = Release|Any CPU
		{65B90A13-DA89-4831-AAAB-A94E08A35AD4}.Release|Any CPU.Build.0 = Release|Any CPU
	EndGlobalSection
	GlobalSection(SolutionProperties) = preSolution
		HideSolutionNode = FALSE
	EndGlobalSection
	GlobalSection(ExtensibilityGlobals) = postSolution
		SolutionGuid = {3A628102-0B57-43FE-8941-8A9760B850AD}
	EndGlobalSection
EndGlobal
